
Microsoft Visual Studio Solution File, Format Version 12.00
# Visual Studio Version 17
VisualStudioVersion = 17.5.001.0
MinimumVisualStudioVersion = 10.0.40219.1
Project("{9A19103F-16F7-4668-BE54-9A1E7A4F7556}") = "ProjectEulerCSharp", "ProjectEulerCSharp.csproj", "{77378825-E0C7-46E8-82BB-E341B725865D}"
EndProject
Global
	GlobalSection(SolutionConfigurationPlatforms) = preSolution
		Debug|Any CPU = Debug|Any CPU
		Release|Any CPU = Release|Any CPU
	EndGlobalSection
	GlobalSection(ProjectConfigurationPlatforms) = postSolution
		{77378825-E0C7-46E8-82BB-E341B725865D}.Debug|Any CPU.ActiveCfg = Debug|Any CPU
		{77378825-E0C7-46E8-82BB-E341B725865D}.Debug|Any CPU.Build.0 = Debug|Any CPU
		{77378825-E0C7-46E8-82BB-E341B725865D}.Release|Any CPU.ActiveCfg = Release|Any CPU
		{77378825-E0C7-46E8-82BB-E341B725865D}.Release|Any CPU.Build.0 = Release|Any CPU
	EndGlobalSection
	GlobalSection(SolutionProperties) = preSolution
		HideSolutionNode = FALSE
	EndGlobalSection
	GlobalSection(ExtensibilityGlobals) = postSolution
		SolutionGuid = {08BE895C-9859-4013-AF4F-AF53CA59620A}
	EndGlobalSection
EndGlobal
